
Microsoft Visual Studio Solution File, Format Version 12.00
# Visual Studio 15
VisualStudioVersion = 15.0.27004.2005
MinimumVisualStudioVersion = 10.0.40219.1
Project("{FAE04EC0-301F-11D3-BF4B-00C04F79EFBC}") = "HotelWebSQL", "HotelWebSQL\HotelWebSQL.csproj", "{DD0568D2-07E4-408C-AFC1-9CDA4614E019}"
EndProject
Project("{FAE04EC0-301F-11D3-BF4B-00C04F79EFBC}") = "CustomCalendar", "CustomCalendar\CustomCalendar.csproj", "{91EAA578-074C-4BA0-AC1F-2CCCAA3DFE3D}"
EndProject
Project("{FAE04EC0-301F-11D3-BF4B-00C04F79EFBC}") = "HotelWebSqlMVC", "HotelWebSqlMVC\HotelWebSqlMVC.csproj", "{A0D0848C-B527-4FC1-AA85-5436FB296879}"
EndProject
Global
	GlobalSection(SolutionConfigurationPlatforms) = preSolution
		Debug|Any CPU = Debug|Any CPU
		Release|Any CPU = Release|Any CPU
	EndGlobalSection
	GlobalSection(ProjectConfigurationPlatforms) = postSolution
		{DD0568D2-07E4-408C-AFC1-9CDA4614E019}.Debug|Any CPU.ActiveCfg = Debug|Any CPU
		{DD0568D2-07E4-408C-AFC1-9CDA4614E019}.Debug|Any CPU.Build.0 = Debug|Any CPU
		{DD0568D2-07E4-408C-AFC1-9CDA4614E019}.Release|Any CPU.ActiveCfg = Release|Any CPU
		{DD0568D2-07E4-408C-AFC1-9CDA4614E019}.Release|Any CPU.Build.0 = Release|Any CPU
		{91EAA578-074C-4BA0-AC1F-2CCCAA3DFE3D}.Debug|Any CPU.ActiveCfg = Debug|Any CPU
		{91EAA578-074C-4BA0-AC1F-2CCCAA3DFE3D}.Debug|Any CPU.Build.0 = Debug|Any CPU
		{91EAA578-074C-4BA0-AC1F-2CCCAA3DFE3D}.Release|Any CPU.ActiveCfg = Release|Any CPU
		{91EAA578-074C-4BA0-AC1F-2CCCAA3DFE3D}.Release|Any CPU.Build.0 = Release|Any CPU
		{A0D0848C-B527-4FC1-AA85-5436FB296879}.Debug|Any CPU.ActiveCfg = Debug|Any CPU
		{A0D0848C-B527-4FC1-AA85-5436FB296879}.Debug|Any CPU.Build.0 = Debug|Any CPU
		{A0D0848C-B527-4FC1-AA85-5436FB296879}.Release|Any CPU.ActiveCfg = Release|Any CPU
		{A0D0848C-B527-4FC1-AA85-5436FB296879}.Release|Any CPU.Build.0 = Release|Any CPU
	EndGlobalSection
	GlobalSection(SolutionProperties) = preSolution
		HideSolutionNode = FALSE
	EndGlobalSection
	GlobalSection(ExtensibilityGlobals) = postSolution
		SolutionGuid = {120E7D3F-DD53-4EA9-9005-D608DC876D3D}
	EndGlobalSection
EndGlobal
